
Microsoft Visual Studio Solution File, Format Version 12.00
# Visual Studio Version 17
VisualStudioVersion = 17.8.34511.84
MinimumVisualStudioVersion = 10.0.40219.1
Project("{FAE04EC0-301F-11D3-BF4B-00C04F79EFBC}") = "EsemkaHero-Spedtest", "EsemkaHero-Spedtest\EsemkaHero-Spedtest.csproj", "{D70B505A-48F1-4C25-A001-7C4F7F232242}"
EndProject
Global
	GlobalSection(SolutionConfigurationPlatforms) = preSolution
		Debug|Any CPU = Debug|Any CPU
		Release|Any CPU = Release|Any CPU
	EndGlobalSection
	GlobalSection(ProjectConfigurationPlatforms) = postSolution
		{D70B505A-48F1-4C25-A001-7C4F7F232242}.Debug|Any CPU.ActiveCfg = Debug|Any CPU
		{D70B505A-48F1-4C25-A001-7C4F7F232242}.Debug|Any CPU.Build.0 = Debug|Any CPU
		{D70B505A-48F1-4C25-A001-7C4F7F232242}.Release|Any CPU.ActiveCfg = Release|Any CPU
		{D70B505A-48F1-4C25-A001-7C4F7F232242}.Release|Any CPU.Build.0 = Release|Any CPU
	EndGlobalSection
	GlobalSection(SolutionProperties) = preSolution
		HideSolutionNode = FALSE
	EndGlobalSection
	GlobalSection(ExtensibilityGlobals) = postSolution
		SolutionGuid = {F9D7C5BA-B696-4747-8303-4F0CB7B725F2}
	EndGlobalSection
EndGlobal
