
Microsoft Visual Studio Solution File, Format Version 12.00
# Visual Studio Version 17
VisualStudioVersion = 17.8.34511.84
MinimumVisualStudioVersion = 10.0.40219.1
Project("{FAE04EC0-301F-11D3-BF4B-00C04F79EFBC}") = "EsemkaFoodcourt-Latihan", "EsemkaFoodcourt-Latihan\EsemkaFoodcourt-Latihan.csproj", "{DE846C8A-1813-4788-A228-4AF41BC7206A}"
EndProject
Global
	GlobalSection(SolutionConfigurationPlatforms) = preSolution
		Debug|Any CPU = Debug|Any CPU
		Release|Any CPU = Release|Any CPU
	EndGlobalSection
	GlobalSection(ProjectConfigurationPlatforms) = postSolution
		{DE846C8A-1813-4788-A228-4AF41BC7206A}.Debug|Any CPU.ActiveCfg = Debug|Any CPU
		{DE846C8A-1813-4788-A228-4AF41BC7206A}.Debug|Any CPU.Build.0 = Debug|Any CPU
		{DE846C8A-1813-4788-A228-4AF41BC7206A}.Release|Any CPU.ActiveCfg = Release|Any CPU
		{DE846C8A-1813-4788-A228-4AF41BC7206A}.Release|Any CPU.Build.0 = Release|Any CPU
	EndGlobalSection
	GlobalSection(SolutionProperties) = preSolution
		HideSolutionNode = FALSE
	EndGlobalSection
	GlobalSection(ExtensibilityGlobals) = postSolution
		SolutionGuid = {85F6E8C8-216B-479E-B22C-E2C7DC61EB15}
	EndGlobalSection
EndGlobal
